Microsoft Visual Studio Solution File, Format Version 12.00
# Visual Studio Version 17
VisualStudioVersion = 17.1.32414.318
MinimumVisualStudioVersion = 10.0.40219.1
Project("{9A19103F-16F7-4668-BE54-9A1E7A4F7556}") = "Linq2Acad", "Linq2Acad\Linq2Acad.csproj", "{439863BE-0E7E-41F6-B6DF-9EA47AA3E022}"
EndProject
Global
	GlobalSection(SolutionConfigurationPlatforms) = preSolution
		Debug|Any CPU = Debug|Any CPU
		Debug|x64 = Debug|x64
		Release|Any CPU = Release|Any CPU
		Release|x64 = Release|x64
	EndGlobalSection
	GlobalSection(ProjectConfigurationPlatforms) = postSolution
		{439863BE-0E7E-41F6-B6DF-9EA47AA3E022}.Debug|Any CPU.ActiveCfg = Debug_2023|Any CPU
		{439863BE-0E7E-41F6-B6DF-9EA47AA3E022}.Debug|Any CPU.Build.0 = Debug_2023|Any CPU
		{439863BE-0E7E-41F6-B6DF-9EA47AA3E022}.Debug|x64.ActiveCfg = Debug|x64
		{439863BE-0E7E-41F6-B6DF-9EA47AA3E022}.Debug|x64.Build.0 = Debug|x64
		{439863BE-0E7E-41F6-B6DF-9EA47AA3E022}.Release|Any CPU.ActiveCfg = Debug|x64
		{439863BE-0E7E-41F6-B6DF-9EA47AA3E022}.Release|Any CPU.Build.0 = Debug|x64
		{439863BE-0E7E-41F6-B6DF-9EA47AA3E022}.Release|x64.ActiveCfg = Release|x64
		{439863BE-0E7E-41F6-B6DF-9EA47AA3E022}.Release|x64.Build.0 = Release|x64
	EndGlobalSection
	GlobalSection(SolutionProperties) = preSolution
		HideSolutionNode = FALSE
	EndGlobalSection
	GlobalSection(ExtensibilityGlobals) = postSolution
		SolutionGuid = {B97D2CD0-15DB-4C51-ADA7-547D0E0DC4A2}
	EndGlobalSection
EndGlobal
